{
  "name": "@casejs/case-client",
  "version": "1.0.1",
  "lockfileVersion": 3,
  "requires": true,
  "packages": {
    "": {
      "name": "@casejs/case-client",
      "version": "1.0.1",
      "license": "MIT",
      "dependencies": {
        "@casejs/types": "^0.0.5"
      }
    },
    "node_modules/@casejs/types": {
      "version": "0.0.5",
      "resolved": "https://registry.npmjs.org/@casejs/types/-/types-0.0.5.tgz",
      "integrity": "sha512-m/tBOWCmHNZDMyJdYxf6qH2+baHEp6Onbkxbg3+8V4thM9YQDklZpPmcp3C2oTycaMIGtQOwdgjPKtyENXa/Hw=="
    }
  }
}
